{
  "schema": "codemap.lock.v1",
  "fingerprint_algorithm": "sha256(file_path + sha256(file_contents)) per module; module fingerprint = sha256 over the (path, file_hash) lines",
  "generated_at": "2026-08-28T03:03:51.817140+00:00",
  "commit": "035a01ba7ec50882fda758755c5364a4d47847ee",
  "working_tree_dirty": true,
  "scanned_scope": [
    "FRONTIER_PASS_1_AUDIT.md",
    "FRONTIER_PASS_2_AUDIT.md",
    "GROUNDWORK_AUDIT.md",
    "README.md",
    "app/components.py",
    "app/data_quality.py",
    "app/story_mode.py",
    "app/streamlit_app.py",
    "app/web/index.html",
    "app/web/package.json",
    "app/web/src/App.tsx",
    "app/web/src/components/AppShell.tsx",
    "app/web/src/components/BrandMark.tsx",
    "app/web/src/components/CustomCursor.tsx",
    "app/web/src/components/EmptyState.tsx",
    "app/web/src/components/ImageWithFallback.tsx",
    "app/web/src/components/StatusChips.tsx",
    "app/web/src/components/ThemeToggle.tsx",
    "app/web/src/data/SnapshotContext.tsx",
    "app/web/src/data/SnapshotProvider.tsx",
    "app/web/src/data/adapter.ts",
    "app/web/src/data/snapshot.ts",
    "app/web/src/index.css",
    "app/web/src/main.tsx",
    "app/web/src/pages/GroupExplorer.tsx",
    "app/web/src/pages/LeadershipMap.tsx",
    "app/web/src/pages/Methodology.tsx",
    "app/web/src/pages/PublicHome.tsx",
    "app/web/src/pages/WhatChanged.tsx",
    "app/web/tsconfig.json",
    "app/web/vite.config.ts",
    "docs/ARCHITECTURE.md",
    "docs/CHANGE_SUMMARY.md",
    "docs/DATA_CONTRACTS.md",
    "docs/DECISION_LOG.md",
    "docs/ENRICHMENT_RESEARCH.md",
    "docs/KNOWN_GAPS.md",
    "docs/LIVE_METHODOLOGY_AUDIT.md",
    "docs/LIVE_SECTORS_RUNBOOK.md",
    "docs/METHODOLOGY.md",
    "docs/METHODOLOGY_SENSITIVITY.md",
    "docs/NEXT_ITERATION.md",
    "docs/PROVIDER_PARITY_REPORT.md",
    "docs/SECTORS_API_AUDIT.md",
    "docs/SECTORS_BLOCKERS.md",
    "docs/SECTORS_CREDIT_AUDIT.md",
    "docs/SECTORS_INTEGRATION_PLAN.md",
    "docs/SECTORS_PRICE_BASIS.md",
    "docs/SECTORS_REFRESH_BUDGET.md",
    "docs/TAXONOMY_AUDIT.md",
    "docs/UNIVERSE_ELIGIBILITY.md",
    "docs/codemap/_build.py",
    "scripts/__init__.py",
    "scripts/audit_close_basis.py",
    "scripts/audit_group_size_diffusion.py",
    "scripts/audit_methodology_sensitivity.py",
    "scripts/audit_price_basis.py",
    "scripts/audit_sectors_credit.py",
    "scripts/audit_state_turnover.py",
    "scripts/build_history.py",
    "scripts/build_market_snapshot.py",
    "scripts/build_snapshot.py",
    "scripts/build_snapshot_index.py",
    "scripts/compare_providers.py",
    "scripts/credit_audit.py",
    "scripts/export_diagnostics.py",
    "scripts/export_market_brief.py",
    "scripts/export_snapshot_json.py",
    "scripts/plan_sectors_refresh.py",
    "scripts/refresh_public_data.py",
    "scripts/refresh_sectors_core.py",
    "scripts/run_diffusion_sensitivity.py",
    "scripts/run_horizon_sensitivity.py",
    "scripts/run_stale_trading.py",
    "scripts/run_state_turnover.py",
    "scripts/validate_data.py",
    "scripts/validate_sectors_live.py",
    "src/idx_leadership/aggregation/groups.py",
    "src/idx_leadership/analytics/__init__.py",
    "src/idx_leadership/analytics/contradictions.py",
    "src/idx_leadership/analytics/data_gaps.py",
    "src/idx_leadership/analytics/invalidation.py",
    "src/idx_leadership/analytics/persistence.py",
    "src/idx_leadership/analytics/sensitivity.py",
    "src/idx_leadership/analytics/turnover.py",
    "src/idx_leadership/data/__init__.py",
    "src/idx_leadership/data/comparability.py",
    "src/idx_leadership/data/endpoint_status.py",
    "src/idx_leadership/data/manifests.py",
    "src/idx_leadership/data/quality.py",
    "src/idx_leadership/data/snapshots.py",
    "src/idx_leadership/evidence/builder.py",
    "src/idx_leadership/features/__init__.py",
    "src/idx_leadership/features/breadth.py",
    "src/idx_leadership/features/concentration.py",
    "src/idx_leadership/features/concentration_v2.py",
    "src/idx_leadership/features/relative_strength.py",
    "src/idx_leadership/features/returns.py",
    "src/idx_leadership/models/__init__.py",
    "src/idx_leadership/models/benchmark_observation.py",
    "src/idx_leadership/models/enums.py",
    "src/idx_leadership/models/evidence.py",
    "src/idx_leadership/models/flow.py",
    "src/idx_leadership/models/fundamental.py",
    "src/idx_leadership/models/group_snapshot.py",
    "src/idx_leadership/models/manifest.py",
    "src/idx_leadership/models/price_observation.py",
    "src/idx_leadership/models/security_feature_snapshot.py",
    "src/idx_leadership/models/security_master.py",
    "src/idx_leadership/models/transition_event.py",
    "src/idx_leadership/pipeline.py",
    "src/idx_leadership/providers/__init__.py",
    "src/idx_leadership/providers/base.py",
    "src/idx_leadership/providers/capabilities.py",
    "src/idx_leadership/providers/factory.py",
    "src/idx_leadership/providers/fixture.py",
    "src/idx_leadership/providers/ledger.py",
    "src/idx_leadership/providers/market_universe.py",
    "src/idx_leadership/providers/public.py",
    "src/idx_leadership/providers/sectors.py",
    "src/idx_leadership/providers/sectors_client.py",
    "src/idx_leadership/providers/sectors_normalizers.py",
    "src/idx_leadership/signals/change_digest.py",
    "src/idx_leadership/signals/diffusion.py",
    "src/idx_leadership/signals/diffusion_v2.py",
    "src/idx_leadership/signals/leadership.py",
    "src/idx_leadership/signals/transitions.py"
  ],
  "excluded_directories": [
    ".venv",
    "__pycache__",
    ".pytest_cache",
    ".git",
    "node_modules",
    "dist",
    "build",
    ".mypy_cache",
    ".ruff_cache",
    "data/cache",
    "data/raw",
    "data/normalized",
    "data/snapshots",
    "data/snapshots_baseline",
    "data/sample"
  ],
  "modules": {
    "app": {
      "files": [
        "app/data_quality.py",
        "app/story_mode.py",
        "app/components.py",
        "app/streamlit_app.py"
      ],
      "fingerprint": "568b3a22526c97f8b39d3ccd1ededcc904dc2994e3d7ce84425fc26ea6c99660"
    },
    "web-app": {
      "files": [
        "scripts/export_snapshot_json.py",
        "scripts/build_snapshot_index.py",
        "app/web/src/pages/WhatChanged.tsx",
        "app/web/src/pages/LeadershipMap.tsx",
        "app/web/src/components/ThemeToggle.tsx",
        "app/web/src/pages/GroupExplorer.tsx",
        "app/web/vite.config.ts",
        "app/web/src/components/AppShell.tsx",
        "app/web/src/components/BrandMark.tsx",
        "app/web/src/components/EmptyState.tsx",
        "app/web/src/components/ImageWithFallback.tsx",
        "app/web/src/data/snapshot.ts",
        "app/web/package.json",
        "app/web/tsconfig.json",
        "app/web/src/pages/Methodology.tsx",
        "app/web/src/components/CustomCursor.tsx",
        "app/web/src/main.tsx",
        "app/web/src/pages/PublicHome.tsx",
        "app/web/src/data/SnapshotContext.tsx",
        "app/web/src/data/SnapshotProvider.tsx",
        "app/web/index.html",
        "app/web/src/components/StatusChips.tsx",
        "app/web/src/App.tsx",
        "app/web/src/index.css",
        "app/web/src/data/adapter.ts"
      ],
      "fingerprint": "9861bad73e78dcddf2813cf42c6093c18103c29d2b8cf7c902f784ccf88b1a0a"
    },
    "scripts": {
      "files": [
        "scripts/run_horizon_sensitivity.py",
        "scripts/compare_providers.py",
        "scripts/audit_methodology_sensitivity.py",
        "scripts/validate_sectors_live.py",
        "scripts/audit_sectors_credit.py",
        "scripts/audit_state_turnover.py",
        "scripts/refresh_public_data.py",
        "scripts/__init__.py",
        "scripts/audit_price_basis.py",
        "scripts/credit_audit.py",
        "scripts/export_diagnostics.py",
        "scripts/audit_group_size_diffusion.py",
        "scripts/run_stale_trading.py",
        "scripts/audit_close_basis.py",
        "scripts/build_history.py",
        "scripts/plan_sectors_refresh.py",
        "scripts/export_market_brief.py",
        "scripts/build_snapshot.py",
        "scripts/run_diffusion_sensitivity.py",
        "scripts/run_state_turnover.py",
        "scripts/refresh_sectors_core.py",
        "scripts/validate_data.py",
        "scripts/build_market_snapshot.py"
      ],
      "fingerprint": "60b9716caea9fcdd317ce406a894db7754fe4b596476659da3f03ba01d8f70e9"
    },
    "pipeline": {
      "files": [
        "src/idx_leadership/pipeline.py"
      ],
      "fingerprint": "454f138695fc625a33d97558ab93c94f8428238ba89524e5546130bd5538e600"
    },
    "providers": {
      "files": [
        "src/idx_leadership/providers/capabilities.py",
        "src/idx_leadership/providers/sectors.py",
        "src/idx_leadership/providers/public.py",
        "src/idx_leadership/providers/factory.py",
        "src/idx_leadership/providers/base.py",
        "src/idx_leadership/providers/sectors_normalizers.py",
        "src/idx_leadership/providers/fixture.py",
        "src/idx_leadership/providers/__init__.py"
      ],
      "fingerprint": "c3cc60a291553384f8927f8c669b366747f7737d89ac90c95f565f2fed33f01b"
    },
    "sectors-client": {
      "files": [
        "src/idx_leadership/providers/sectors_client.py"
      ],
      "fingerprint": "e48d04ee16e964b3c17ccf8b2b9db10d08eef9a04981d4c2c72d924c58646bb5"
    },
    "market-universe": {
      "files": [
        "src/idx_leadership/providers/market_universe.py"
      ],
      "fingerprint": "c53d4968d8a1475485e825044c3ca4b2da6d5c4d74b1317fd6806b820048ac29"
    },
    "models": {
      "files": [
        "src/idx_leadership/models/group_snapshot.py",
        "src/idx_leadership/models/enums.py",
        "src/idx_leadership/models/transition_event.py",
        "src/idx_leadership/models/manifest.py",
        "src/idx_leadership/models/__init__.py",
        "src/idx_leadership/models/flow.py",
        "src/idx_leadership/models/security_master.py",
        "src/idx_leadership/models/benchmark_observation.py",
        "src/idx_leadership/models/price_observation.py",
        "src/idx_leadership/models/fundamental.py",
        "src/idx_leadership/models/evidence.py",
        "src/idx_leadership/models/security_feature_snapshot.py"
      ],
      "fingerprint": "858206001dfc72018921f980fd99bd9a3344446e29bf640e876b3df98167b66a"
    },
    "features": {
      "files": [
        "src/idx_leadership/features/concentration.py",
        "src/idx_leadership/features/breadth.py",
        "src/idx_leadership/features/__init__.py",
        "src/idx_leadership/features/returns.py",
        "src/idx_leadership/features/relative_strength.py",
        "src/idx_leadership/features/concentration_v2.py"
      ],
      "fingerprint": "9068fd2f48e13d5c0da132b39460a80ffc36c50b04d466a88bd057f855ae8608"
    },
    "aggregation": {
      "files": [
        "src/idx_leadership/aggregation/groups.py"
      ],
      "fingerprint": "54a1dbd19e85154e33adae18cfa13033180a78b0479a151971cee081b502cc8d"
    },
    "signals-leadership": {
      "files": [
        "src/idx_leadership/signals/leadership.py"
      ],
      "fingerprint": "571e71adf77325a55d468b703d4b0c94ad9af3feaed961883826c2b8fb549a95"
    },
    "signals-diffusion": {
      "files": [
        "src/idx_leadership/signals/diffusion.py",
        "src/idx_leadership/signals/diffusion_v2.py"
      ],
      "fingerprint": "cb1979d6be466abc9e4021b5b62bc44630dd1e169ad34cf2387569f4b5eb81a5"
    },
    "signals-transitions": {
      "files": [
        "src/idx_leadership/signals/change_digest.py",
        "src/idx_leadership/signals/transitions.py"
      ],
      "fingerprint": "616976c5ca2311b244893bcc4a8a61294699f59081574dcf1fd595f3c13acd23"
    },
    "analytics": {
      "files": [
        "src/idx_leadership/analytics/persistence.py",
        "src/idx_leadership/analytics/contradictions.py",
        "src/idx_leadership/analytics/invalidation.py",
        "src/idx_leadership/analytics/__init__.py",
        "src/idx_leadership/analytics/sensitivity.py",
        "src/idx_leadership/analytics/turnover.py",
        "src/idx_leadership/analytics/data_gaps.py"
      ],
      "fingerprint": "5e010e77717c6f6049ff9acb4b00bf414e3e061544d8152650320531358aa310"
    },
    "evidence-builder": {
      "files": [
        "src/idx_leadership/evidence/builder.py"
      ],
      "fingerprint": "9aeab04a05d5d14f87c218baf5934d43f646f0a0feaaf6de2533cb8f8a36ebe4"
    },
    "data-snapshots": {
      "files": [
        "src/idx_leadership/data/quality.py",
        "src/idx_leadership/data/comparability.py",
        "src/idx_leadership/data/__init__.py",
        "src/idx_leadership/data/endpoint_status.py",
        "src/idx_leadership/data/snapshots.py",
        "src/idx_leadership/data/manifests.py"
      ],
      "fingerprint": "b9d2ff1644c14a9ceb42ba642cd344f3c2aee4e395811810f1d0a2150b6e1027"
    },
    "ledger": {
      "files": [
        "src/idx_leadership/providers/ledger.py"
      ],
      "fingerprint": "f24232f1f26516dd0dad4d14898b45a1394edf94cff56588b7d1740319fbb641"
    },
    "tests": {
      "files": [],
      "fingerprint": "e3b0c44298fc1c149afbf4c8996fb92427ae41e4649b934ca495991b7852b855"
    },
    "config": {
      "files": [],
      "fingerprint": "e3b0c44298fc1c149afbf4c8996fb92427ae41e4649b934ca495991b7852b855"
    },
    "docs": {
      "files": [
        "FRONTIER_PASS_1_AUDIT.md",
        "README.md",
        "GROUNDWORK_AUDIT.md",
        "docs/codemap/_build.py",
        "docs/SECTORS_CREDIT_AUDIT.md",
        "docs/SECTORS_API_AUDIT.md",
        "docs/ARCHITECTURE.md",
        "docs/LIVE_METHODOLOGY_AUDIT.md",
        "docs/UNIVERSE_ELIGIBILITY.md",
        "docs/CHANGE_SUMMARY.md",
        "docs/DATA_CONTRACTS.md",
        "docs/SECTORS_INTEGRATION_PLAN.md",
        "docs/METHODOLOGY.md",
        "docs/SECTORS_PRICE_BASIS.md",
        "docs/NEXT_ITERATION.md",
        "docs/PROVIDER_PARITY_REPORT.md",
        "docs/DECISION_LOG.md",
        "docs/ENRICHMENT_RESEARCH.md",
        "docs/SECTORS_REFRESH_BUDGET.md",
        "docs/LIVE_SECTORS_RUNBOOK.md",
        "docs/METHODOLOGY_SENSITIVITY.md",
        "docs/TAXONOMY_AUDIT.md",
        "docs/KNOWN_GAPS.md",
        "docs/SECTORS_BLOCKERS.md",
        "FRONTIER_PASS_2_AUDIT.md"
      ],
      "fingerprint": "2091f075d20ab4c6f4f84955ae5c8a9c6746123cb2336f3cee890e8344eb2428"
    }
  }
}