{
  "schema": "codemap.lock.v1",
  "fingerprint_algorithm": "file fingerprint = sha256(UTF-8 file_path + file_contents); module fingerprint = sha256 over sorted UTF-8 path:file_fingerprint lines, each ending in a newline",
  "generated_at": "2026-10-03T10:40:07.375444+00:00",
  "commit": "b71cb4674b41b0ee6dc028b409998170498a05b4",
  "working_tree_dirty": true,
  "scanned_scope": [
    "CODEX_HANDOFF.md",
    "FRONTIER_PASS_1_AUDIT.md",
    "FRONTIER_PASS_2_AUDIT.md",
    "GROUNDWORK_AUDIT.md",
    "HANDOFF.md",
    "IMPLEMENTATION_REPORT.md",
    "OFFLINE_REFINEMENT_AUDIT.md",
    "README.md",
    "TEST_REPORT.md",
    "app/components.py",
    "app/data_quality.py",
    "app/data_sources.py",
    "app/snapshot_adapter.py",
    "app/story_mode.py",
    "app/streamlit_app.py",
    "app/view_models.py",
    "app/web/index.html",
    "app/web/package.json",
    "app/web/src/App.tsx",
    "app/web/src/components/AppShell.tsx",
    "app/web/src/components/BrandMark.tsx",
    "app/web/src/components/CustomCursor.tsx",
    "app/web/src/components/EmptyState.tsx",
    "app/web/src/components/EvidenceModel.tsx",
    "app/web/src/components/ForeignFlowSample.tsx",
    "app/web/src/components/IDXDailyStatistics.tsx",
    "app/web/src/components/IDXStatisticsRelease.tsx",
    "app/web/src/components/ImageWithFallback.tsx",
    "app/web/src/components/ListingRegistryPanel.tsx",
    "app/web/src/components/MarketHeatmap.tsx",
    "app/web/src/components/OfficialMarketContext.tsx",
    "app/web/src/components/PriceChart.tsx",
    "app/web/src/components/ResearchEvents.tsx",
    "app/web/src/components/RotationView.tsx",
    "app/web/src/components/SnapshotNotices.tsx",
    "app/web/src/components/StatusChips.tsx",
    "app/web/src/components/TaxonomyMap.tsx",
    "app/web/src/components/ThemeToggle.tsx",
    "app/web/src/components/TradingViewWidget.tsx",
    "app/web/src/data/SnapshotContext.tsx",
    "app/web/src/data/SnapshotProvider.tsx",
    "app/web/src/data/adapter.ts",
    "app/web/src/data/format.ts",
    "app/web/src/data/mapGeometry.ts",
    "app/web/src/data/mapLabels.ts",
    "app/web/src/data/readiness.ts",
    "app/web/src/data/researchContext.ts",
    "app/web/src/data/rotation.ts",
    "app/web/src/data/snapshot.ts",
    "app/web/src/index.css",
    "app/web/src/main.tsx",
    "app/web/src/pages/ChartDemo.tsx",
    "app/web/src/pages/GroupExplorer.tsx",
    "app/web/src/pages/LeadershipMap.tsx",
    "app/web/src/pages/MarketOverview.tsx",
    "app/web/src/pages/MasterGroupTable.tsx",
    "app/web/src/pages/Methodology.tsx",
    "app/web/src/pages/PublicHome.tsx",
    "app/web/src/pages/TaxonomyMapPage.tsx",
    "app/web/src/pages/ThemesExplorer.tsx",
    "app/web/src/pages/TickerAnalysis.tsx",
    "app/web/src/pages/WhatChanged.tsx",
    "app/web/src/vite-env.d.ts",
    "app/web/tsconfig.json",
    "app/web/vite.config.ts",
    "config/konglo.yaml",
    "config/methodology.yaml",
    "config/providers.yaml",
    "config/themes.yaml",
    "config/universe.yaml",
    "docs/ARCHITECTURE.md",
    "docs/ARCHITECTURE_BASELINE.md",
    "docs/ARCHITECTURE_DECISIONS.md",
    "docs/CHANGE_SUMMARY.md",
    "docs/DATA_CONTRACTS.md",
    "docs/DECISION_LOG.md",
    "docs/ENRICHMENT_RESEARCH.md",
    "docs/FEATURE_ARCHITECTURE.md",
    "docs/FINAL_AUDIT.md",
    "docs/FULL_LIVE_RUNBOOK.md",
    "docs/HYBRID_PRODUCT_MODEL.md",
    "docs/IDX_STATISTICS_SOURCE.md",
    "docs/KNOWN_GAPS.md",
    "docs/LIVE_METHODOLOGY_AUDIT.md",
    "docs/LIVE_SECTORS_RUNBOOK.md",
    "docs/METHODOLOGY.md",
    "docs/METHODOLOGY_SENSITIVITY.md",
    "docs/NEXT_ITERATION.md",
    "docs/PRODUCT_ARCHITECTURE_PLAN.md",
    "docs/PROVIDER_PARITY_REPORT.md",
    "docs/REFACTOR_EXECUTION_PLAN.md",
    "docs/RESEARCH_AUDIT.md",
    "docs/SECTORS_API_AUDIT.md",
    "docs/SECTORS_BLOCKERS.md",
    "docs/SECTORS_CREDIT_AUDIT.md",
    "docs/SECTORS_INTEGRATION_PLAN.md",
    "docs/SECTORS_MIGRATION_CONTRACT.md",
    "docs/SECTORS_MIGRATION_READINESS.md",
    "docs/SECTORS_PRICE_BASIS.md",
    "docs/SECTORS_REFRESH_BUDGET.md",
    "docs/TAXONOMY_AUDIT.md",
    "docs/TAXONOMY_ROTATION_RUNBOOK.md",
    "docs/UNIVERSE_ELIGIBILITY.md",
    "docs/codemap/_build.py",
    "scripts/__init__.py",
    "scripts/audit_close_basis.py",
    "scripts/audit_group_size_diffusion.py",
    "scripts/audit_methodology_sensitivity.py",
    "scripts/audit_price_basis.py",
    "scripts/audit_sectors_credit.py",
    "scripts/audit_state_turnover.py",
    "scripts/build_history.py",
    "scripts/build_market_snapshot.py",
    "scripts/build_research_events.py",
    "scripts/build_snapshot.py",
    "scripts/build_snapshot_index.py",
    "scripts/build_taxonomy_views.py",
    "scripts/calculate_foreign_flow_sample.py",
    "scripts/compare_providers.py",
    "scripts/credit_audit.py",
    "scripts/download_ksei_holding.py",
    "scripts/enrich_tavily_context.py",
    "scripts/enrich_you_context.py",
    "scripts/export_diagnostics.py",
    "scripts/export_market_brief.py",
    "scripts/export_snapshot_json.py",
    "scripts/plan_sectors_refresh.py",
    "scripts/refresh_and_export.py",
    "scripts/refresh_idx_daily_statistics.py",
    "scripts/refresh_idx_statistics.py",
    "scripts/refresh_public_data.py",
    "scripts/refresh_sectors_core.py",
    "scripts/research/run_research_pass.py",
    "scripts/run_diffusion_sensitivity.py",
    "scripts/run_horizon_sensitivity.py",
    "scripts/run_stale_trading.py",
    "scripts/run_state_turnover.py",
    "scripts/validate_data.py",
    "scripts/validate_sectors_live.py",
    "scripts/yfinance_harness.py",
    "src/idx_leadership/aggregation/groups.py",
    "src/idx_leadership/analytics/__init__.py",
    "src/idx_leadership/analytics/claim_gates.py",
    "src/idx_leadership/analytics/contradictions.py",
    "src/idx_leadership/analytics/data_gaps.py",
    "src/idx_leadership/analytics/invalidation.py",
    "src/idx_leadership/analytics/persistence.py",
    "src/idx_leadership/analytics/sensitivity.py",
    "src/idx_leadership/analytics/turnover.py",
    "src/idx_leadership/data/__init__.py",
    "src/idx_leadership/data/comparability.py",
    "src/idx_leadership/data/endpoint_status.py",
    "src/idx_leadership/data/manifests.py",
    "src/idx_leadership/data/quality.py",
    "src/idx_leadership/data/snapshots.py",
    "src/idx_leadership/events/__init__.py",
    "src/idx_leadership/evidence/builder.py",
    "src/idx_leadership/features/__init__.py",
    "src/idx_leadership/features/breadth.py",
    "src/idx_leadership/features/concentration.py",
    "src/idx_leadership/features/concentration_v2.py",
    "src/idx_leadership/features/relative_strength.py",
    "src/idx_leadership/features/returns.py",
    "src/idx_leadership/intelligence/__init__.py",
    "src/idx_leadership/intelligence/contract.py",
    "src/idx_leadership/intelligence/readout.py",
    "src/idx_leadership/models/__init__.py",
    "src/idx_leadership/models/benchmark_observation.py",
    "src/idx_leadership/models/enums.py",
    "src/idx_leadership/models/evidence.py",
    "src/idx_leadership/models/flow.py",
    "src/idx_leadership/models/fundamental.py",
    "src/idx_leadership/models/group_snapshot.py",
    "src/idx_leadership/models/manifest.py",
    "src/idx_leadership/models/price_observation.py",
    "src/idx_leadership/models/security_feature_snapshot.py",
    "src/idx_leadership/models/security_master.py",
    "src/idx_leadership/models/transition_event.py",
    "src/idx_leadership/pipeline.py",
    "src/idx_leadership/providers/__init__.py",
    "src/idx_leadership/providers/base.py",
    "src/idx_leadership/providers/capabilities.py",
    "src/idx_leadership/providers/factory.py",
    "src/idx_leadership/providers/fixture.py",
    "src/idx_leadership/providers/idx_discovery.py",
    "src/idx_leadership/providers/idx_statistics.py",
    "src/idx_leadership/providers/ledger.py",
    "src/idx_leadership/providers/llama_parse.py",
    "src/idx_leadership/providers/market_universe.py",
    "src/idx_leadership/providers/official_market_context.py",
    "src/idx_leadership/providers/public.py",
    "src/idx_leadership/providers/sectors.py",
    "src/idx_leadership/providers/sectors_client.py",
    "src/idx_leadership/providers/sectors_contracts.py",
    "src/idx_leadership/providers/sectors_fixture.py",
    "src/idx_leadership/providers/sectors_normalizers.py",
    "src/idx_leadership/providers/tavily_client.py",
    "src/idx_leadership/providers/you_client.py",
    "src/idx_leadership/signals/__init__.py",
    "src/idx_leadership/signals/change_digest.py",
    "src/idx_leadership/signals/diffusion.py",
    "src/idx_leadership/signals/diffusion_v2.py",
    "src/idx_leadership/signals/leadership.py",
    "src/idx_leadership/signals/transitions.py",
    "src/idx_leadership/taxonomy/__init__.py",
    "src/idx_leadership/taxonomy/aggregation.py",
    "src/idx_leadership/taxonomy/models.py",
    "src/idx_leadership/taxonomy/registry.py",
    "src/idx_leadership/utils/__init__.py",
    "src/idx_leadership/utils/config.py",
    "src/idx_leadership/utils/dates.py",
    "src/idx_leadership/utils/errors.py",
    "src/idx_leadership/utils/logging.py",
    "tests/__init__.py",
    "tests/conftest.py",
    "tests/conftest_app.py",
    "tests/synthetic_market.py",
    "tests/test_429_blocked_path.py",
    "tests/test_a_closure.py",
    "tests/test_adv_concurrency.py",
    "tests/test_adv_drift.py",
    "tests/test_adv_hygiene.py",
    "tests/test_adv_injection.py",
    "tests/test_adv_secret.py",
    "tests/test_adv_spend.py",
    "tests/test_adv_ssrf.py",
    "tests/test_adv_traversal.py",
    "tests/test_adv_trust.py",
    "tests/test_aggregation.py",
    "tests/test_analytics.py",
    "tests/test_breadth.py",
    "tests/test_brief_contract.py",
    "tests/test_capability_provider.py",
    "tests/test_comparability_and_adapter.py",
    "tests/test_concentration.py",
    "tests/test_concentration_v2.py",
    "tests/test_config.py",
    "tests/test_denominator_contract.py",
    "tests/test_diffusion_group_size.py",
    "tests/test_e2e_demo.py",
    "tests/test_e2e_snapshot_export.py",
    "tests/test_endpoint_status.py",
    "tests/test_evidence.py",
    "tests/test_export_url_normalization.py",
    "tests/test_foreign_flow_sample.py",
    "tests/test_golden_financials.py",
    "tests/test_group_size_diffusion.py",
    "tests/test_idx_discovery.py",
    "tests/test_idx_statistics.py",
    "tests/test_intelligence_contract_v3.py",
    "tests/test_live_preflight.py",
    "tests/test_llama_parse.py",
    "tests/test_market_universe.py",
    "tests/test_methodology_sensitivity.py",
    "tests/test_methodology_versioning.py",
    "tests/test_no_lookahead.py",
    "tests/test_no_lookahead_synthetic.py",
    "tests/test_official_market_context.py",
    "tests/test_parity_public_sectors.py",
    "tests/test_pipeline.py",
    "tests/test_prodpass_stress.py",
    "tests/test_provider_contracts.py",
    "tests/test_provider_modes_and_readiness.py",
    "tests/test_providers.py",
    "tests/test_refresh_and_export.py",
    "tests/test_relative_strength.py",
    "tests/test_research_context.py",
    "tests/test_research_events.py",
    "tests/test_research_pass_driver.py",
    "tests/test_returns.py",
    "tests/test_schema.py",
    "tests/test_sectors_client.py",
    "tests/test_sectors_provider.py",
    "tests/test_sentinel_and_429.py",
    "tests/test_snapshot_adapter.py",
    "tests/test_snapshot_comparability.py",
    "tests/test_snapshot_enrichment.py",
    "tests/test_snapshots.py",
    "tests/test_state_turnover.py",
    "tests/test_states.py",
    "tests/test_synthetic_scenarios.py",
    "tests/test_tavily_client.py",
    "tests/test_taxonomy.py",
    "tests/test_transitions.py",
    "tests/test_ui_productization.py",
    "tests/test_ui_story_mode.py",
    "tests/test_yfinance_harness.py",
    "tests/test_you_client.py",
    "tests/test_you_context.py"
  ],
  "excluded_directories": [
    ".venv",
    "__pycache__",
    ".pytest_cache",
    ".git",
    "node_modules",
    "dist",
    "build",
    ".mypy_cache",
    ".ruff_cache",
    "data/cache",
    "data/raw",
    "data/normalized",
    "data/snapshots",
    "data/snapshots_baseline",
    "data/sample"
  ],
  "modules": {
    "app": {
      "files": [
        "app/streamlit_app.py",
        "app/data_quality.py",
        "app/snapshot_adapter.py",
        "app/story_mode.py",
        "app/data_sources.py",
        "app/view_models.py",
        "app/components.py"
      ],
      "fingerprint": "f10fc3ab953f7024e829fc02297877754e5db48a2bdcd741659b1b01b0601aa6"
    },
    "web-app": {
      "files": [
        "scripts/export_snapshot_json.py",
        "scripts/build_snapshot_index.py",
        "app/web/src/index.css",
        "app/web/src/components/OfficialMarketContext.tsx",
        "app/web/src/components/ResearchEvents.tsx",
        "app/web/src/components/TaxonomyMap.tsx",
        "app/web/src/pages/Methodology.tsx",
        "app/web/src/data/rotation.ts",
        "app/web/src/components/StatusChips.tsx",
        "app/web/src/pages/GroupExplorer.tsx",
        "app/web/src/components/TradingViewWidget.tsx",
        "app/web/src/data/snapshot.ts",
        "app/web/src/pages/PublicHome.tsx",
        "app/web/src/components/EvidenceModel.tsx",
        "app/web/src/data/SnapshotContext.tsx",
        "app/web/index.html",
        "app/web/src/components/BrandMark.tsx",
        "app/web/src/components/EmptyState.tsx",
        "app/web/src/components/ThemeToggle.tsx",
        "app/web/src/components/PriceChart.tsx",
        "app/web/src/components/AppShell.tsx",
        "app/web/src/data/mapLabels.ts",
        "app/web/package.json",
        "app/web/src/components/RotationView.tsx",
        "app/web/src/components/CustomCursor.tsx",
        "app/web/src/components/IDXDailyStatistics.tsx",
        "app/web/src/pages/TickerAnalysis.tsx",
        "app/web/src/main.tsx",
        "app/web/src/components/ListingRegistryPanel.tsx",
        "app/web/src/components/SnapshotNotices.tsx",
        "app/web/src/components/MarketHeatmap.tsx",
        "app/web/src/data/researchContext.ts",
        "app/web/src/pages/LeadershipMap.tsx",
        "app/web/src/data/format.ts",
        "app/web/src/components/ForeignFlowSample.tsx",
        "app/web/src/data/adapter.ts",
        "app/web/src/pages/MasterGroupTable.tsx",
        "app/web/src/pages/TaxonomyMapPage.tsx",
        "app/web/src/data/readiness.ts",
        "app/web/tsconfig.json",
        "app/web/src/data/SnapshotProvider.tsx",
        "app/web/src/components/IDXStatisticsRelease.tsx",
        "app/web/src/App.tsx",
        "app/web/src/pages/MarketOverview.tsx",
        "app/web/src/vite-env.d.ts",
        "app/web/vite.config.ts",
        "app/web/src/pages/WhatChanged.tsx",
        "app/web/src/components/ImageWithFallback.tsx",
        "app/web/src/pages/ChartDemo.tsx",
        "app/web/src/pages/ThemesExplorer.tsx",
        "app/web/src/data/mapGeometry.ts"
      ],
      "fingerprint": "ab9ee57e021540918cfbdf75e55218cbf8722aba3b25989528b4d84b8db459c2"
    },
    "scripts": {
      "files": [
        "scripts/run_horizon_sensitivity.py",
        "scripts/compare_providers.py",
        "scripts/audit_methodology_sensitivity.py",
        "scripts/validate_sectors_live.py",
        "scripts/refresh_idx_daily_statistics.py",
        "scripts/calculate_foreign_flow_sample.py",
        "scripts/enrich_tavily_context.py",
        "scripts/audit_sectors_credit.py",
        "scripts/audit_state_turnover.py",
        "scripts/refresh_public_data.py",
        "scripts/refresh_and_export.py",
        "scripts/enrich_you_context.py",
        "scripts/__init__.py",
        "scripts/refresh_idx_statistics.py",
        "scripts/audit_price_basis.py",
        "scripts/credit_audit.py",
        "scripts/export_diagnostics.py",
        "scripts/audit_group_size_diffusion.py",
        "scripts/run_stale_trading.py",
        "scripts/audit_close_basis.py",
        "scripts/build_research_events.py",
        "scripts/build_history.py",
        "scripts/download_ksei_holding.py",
        "scripts/plan_sectors_refresh.py",
        "scripts/export_market_brief.py",
        "scripts/build_snapshot.py",
        "scripts/run_diffusion_sensitivity.py",
        "scripts/run_state_turnover.py",
        "scripts/refresh_sectors_core.py",
        "scripts/validate_data.py",
        "scripts/build_market_snapshot.py",
        "scripts/yfinance_harness.py",
        "scripts/build_taxonomy_views.py",
        "scripts/research/run_research_pass.py"
      ],
      "fingerprint": "4dd60de290cd9ce1171e0cac9e257cf065a13725a4360778bcd92dc3890dbc03"
    },
    "pipeline": {
      "files": [
        "src/idx_leadership/utils/logging.py",
        "src/idx_leadership/utils/config.py",
        "src/idx_leadership/utils/__init__.py",
        "src/idx_leadership/utils/dates.py",
        "src/idx_leadership/utils/errors.py",
        "src/idx_leadership/pipeline.py"
      ],
      "fingerprint": "616b0c4858eca1561a8ebcdea7eaa3991b88436b8d7bc1f83b03ae1f27ae2489"
    },
    "providers": {
      "files": [
        "src/idx_leadership/providers/sectors_contracts.py",
        "src/idx_leadership/providers/base.py",
        "src/idx_leadership/providers/fixture.py",
        "src/idx_leadership/providers/sectors.py",
        "src/idx_leadership/providers/sectors_normalizers.py",
        "src/idx_leadership/providers/factory.py",
        "src/idx_leadership/providers/__init__.py",
        "src/idx_leadership/providers/sectors_fixture.py",
        "src/idx_leadership/providers/public.py",
        "src/idx_leadership/providers/capabilities.py"
      ],
      "fingerprint": "db1f1fd907eb49c2e8370dca11dd8be9ee21de3be58038f997b2359850d73291"
    },
    "sectors-client": {
      "files": [
        "src/idx_leadership/providers/sectors_client.py"
      ],
      "fingerprint": "6387b2733df30db5abb20cb4599a05aaf1f62491c43a38e67250123d71f2b0fe"
    },
    "search-agents": {
      "files": [
        "src/idx_leadership/providers/idx_discovery.py",
        "src/idx_leadership/providers/you_client.py",
        "src/idx_leadership/providers/tavily_client.py"
      ],
      "fingerprint": "e05e40e87595d85021512b08e22839582efaafd64fde030c26fef4c41928e7ce"
    },
    "idx-parser": {
      "files": [
        "src/idx_leadership/providers/llama_parse.py",
        "src/idx_leadership/providers/official_market_context.py",
        "src/idx_leadership/providers/idx_statistics.py"
      ],
      "fingerprint": "ad6a9226061ea512e2f793adf2fa9ce307d6bacf655a44972f5243c0dd17a345"
    },
    "market-universe": {
      "files": [
        "src/idx_leadership/providers/market_universe.py"
      ],
      "fingerprint": "d376f9de6f415103a7308e3a89db938944305c014926cc1bb491014c2ece5d92"
    },
    "models": {
      "files": [
        "src/idx_leadership/models/group_snapshot.py",
        "src/idx_leadership/models/enums.py",
        "src/idx_leadership/models/transition_event.py",
        "src/idx_leadership/models/manifest.py",
        "src/idx_leadership/models/__init__.py",
        "src/idx_leadership/models/flow.py",
        "src/idx_leadership/models/security_master.py",
        "src/idx_leadership/models/benchmark_observation.py",
        "src/idx_leadership/models/price_observation.py",
        "src/idx_leadership/models/fundamental.py",
        "src/idx_leadership/models/evidence.py",
        "src/idx_leadership/models/security_feature_snapshot.py"
      ],
      "fingerprint": "cd6fb9b48106504fc458c96c43243343ab0f126cc1738ad641623fb3bcc38c0e"
    },
    "features": {
      "files": [
        "src/idx_leadership/features/concentration.py",
        "src/idx_leadership/features/breadth.py",
        "src/idx_leadership/features/__init__.py",
        "src/idx_leadership/features/returns.py",
        "src/idx_leadership/features/relative_strength.py",
        "src/idx_leadership/features/concentration_v2.py"
      ],
      "fingerprint": "0efb175614de1efeb648874742ce51178d8096dc0a88fa6273167653e6668283"
    },
    "aggregation": {
      "files": [
        "src/idx_leadership/aggregation/groups.py"
      ],
      "fingerprint": "1b865db06d4019893fe67ecb927b898ef0a38639682558a1b96336a27c97be2f"
    },
    "signals": {
      "files": [
        "src/idx_leadership/signals/diffusion_v2.py",
        "src/idx_leadership/signals/__init__.py",
        "src/idx_leadership/signals/diffusion.py",
        "src/idx_leadership/signals/leadership.py",
        "src/idx_leadership/signals/transitions.py",
        "src/idx_leadership/signals/change_digest.py"
      ],
      "fingerprint": "bd0a5a3be29863c514d8b7fdf45306a16b965990a96f6928796114070192a424"
    },
    "analytics": {
      "files": [
        "src/idx_leadership/analytics/persistence.py",
        "src/idx_leadership/analytics/contradictions.py",
        "src/idx_leadership/analytics/claim_gates.py",
        "src/idx_leadership/analytics/invalidation.py",
        "src/idx_leadership/analytics/__init__.py",
        "src/idx_leadership/analytics/sensitivity.py",
        "src/idx_leadership/analytics/turnover.py",
        "src/idx_leadership/analytics/data_gaps.py"
      ],
      "fingerprint": "edb4bb8cfb01fb065007c008891ae1c1be2bfc968f4774031730d9116152a006"
    },
    "evidence": {
      "files": [
        "src/idx_leadership/evidence/builder.py",
        "src/idx_leadership/intelligence/__init__.py",
        "src/idx_leadership/intelligence/readout.py",
        "src/idx_leadership/intelligence/contract.py",
        "src/idx_leadership/events/__init__.py"
      ],
      "fingerprint": "16952b1248d417fdb9a94e17f16207b7937bb0dc43d8de62a838cb06bc1f6c5d"
    },
    "data-snapshots": {
      "files": [
        "src/idx_leadership/data/__init__.py",
        "src/idx_leadership/data/manifests.py",
        "src/idx_leadership/data/endpoint_status.py",
        "src/idx_leadership/data/comparability.py",
        "src/idx_leadership/data/quality.py",
        "src/idx_leadership/data/snapshots.py"
      ],
      "fingerprint": "1aab2ffb091582242d09960e7cd610a63c1b9dc7b1a66bfbdea12bff835362ff"
    },
    "taxonomy": {
      "files": [
        "src/idx_leadership/taxonomy/aggregation.py",
        "src/idx_leadership/taxonomy/models.py",
        "src/idx_leadership/taxonomy/registry.py",
        "src/idx_leadership/taxonomy/__init__.py"
      ],
      "fingerprint": "968076be19df51e546be2f6d0f730bb9e2e2f46dff2da7484312c9294ba7de2b"
    },
    "ledger": {
      "files": [
        "src/idx_leadership/providers/ledger.py"
      ],
      "fingerprint": "c2c9eb4d7e2b3376e945680f5d917cc4d38914951618ade8121d39344eded52a"
    },
    "tests": {
      "files": [
        "tests/test_snapshot_comparability.py",
        "tests/conftest_app.py",
        "tests/test_concentration.py",
        "tests/test_methodology_versioning.py",
        "tests/test_sectors_client.py",
        "tests/conftest.py",
        "tests/test_adv_trust.py",
        "tests/test_group_size_diffusion.py",
        "tests/test_concentration_v2.py",
        "tests/test_adv_spend.py",
        "tests/test_methodology_sensitivity.py",
        "tests/test_adv_ssrf.py",
        "tests/test_provider_modes_and_readiness.py",
        "tests/test_snapshot_enrichment.py",
        "tests/test_yfinance_harness.py",
        "tests/test_a_closure.py",
        "tests/test_providers.py",
        "tests/test_endpoint_status.py",
        "tests/test_sectors_provider.py",
        "tests/test_research_context.py",
        "tests/test_tavily_client.py",
        "tests/test_returns.py",
        "tests/synthetic_market.py",
        "tests/test_live_preflight.py",
        "tests/test_research_pass_driver.py",
        "tests/test_states.py",
        "tests/test_brief_contract.py",
        "tests/test_ui_productization.py",
        "tests/test_adv_concurrency.py",
        "tests/test_comparability_and_adapter.py",
        "tests/test_aggregation.py",
        "tests/__init__.py",
        "tests/test_official_market_context.py",
        "tests/test_breadth.py",
        "tests/test_relative_strength.py",
        "tests/test_synthetic_scenarios.py",
        "tests/test_idx_discovery.py",
        "tests/test_analytics.py",
        "tests/test_capability_provider.py",
        "tests/test_sentinel_and_429.py",
        "tests/test_schema.py",
        "tests/test_idx_statistics.py",
        "tests/test_refresh_and_export.py",
        "tests/test_you_context.py",
        "tests/test_intelligence_contract_v3.py",
        "tests/test_adv_hygiene.py",
        "tests/test_snapshots.py",
        "tests/test_denominator_contract.py",
        "tests/test_evidence.py",
        "tests/test_config.py",
        "tests/test_adv_traversal.py",
        "tests/test_provider_contracts.py",
        "tests/test_ui_story_mode.py",
        "tests/test_parity_public_sectors.py",
        "tests/test_export_url_normalization.py",
        "tests/test_prodpass_stress.py",
        "tests/test_taxonomy.py",
        "tests/test_diffusion_group_size.py",
        "tests/test_no_lookahead_synthetic.py",
        "tests/test_state_turnover.py",
        "tests/test_foreign_flow_sample.py",
        "tests/test_adv_secret.py",
        "tests/test_market_universe.py",
        "tests/test_adv_drift.py",
        "tests/test_transitions.py",
        "tests/test_golden_financials.py",
        "tests/test_research_events.py",
        "tests/test_no_lookahead.py",
        "tests/test_you_client.py",
        "tests/test_e2e_demo.py",
        "tests/test_pipeline.py",
        "tests/test_snapshot_adapter.py",
        "tests/test_llama_parse.py",
        "tests/test_adv_injection.py",
        "tests/test_e2e_snapshot_export.py",
        "tests/test_429_blocked_path.py"
      ],
      "fingerprint": "412eb70ae5051c7e5f3e9e292be984ce42cec36435af86b9361b39a4c5ce2427"
    },
    "config-docs": {
      "files": [
        "docs/codemap/_build.py",
        "docs/FEATURE_ARCHITECTURE.md",
        "docs/SECTORS_CREDIT_AUDIT.md",
        "docs/SECTORS_API_AUDIT.md",
        "docs/REFACTOR_EXECUTION_PLAN.md",
        "docs/ARCHITECTURE.md",
        "docs/LIVE_METHODOLOGY_AUDIT.md",
        "docs/UNIVERSE_ELIGIBILITY.md",
        "docs/TAXONOMY_ROTATION_RUNBOOK.md",
        "docs/SECTORS_MIGRATION_READINESS.md",
        "docs/ARCHITECTURE_DECISIONS.md",
        "docs/HYBRID_PRODUCT_MODEL.md",
        "docs/CHANGE_SUMMARY.md",
        "docs/SECTORS_MIGRATION_CONTRACT.md",
        "docs/DATA_CONTRACTS.md",
        "docs/SECTORS_INTEGRATION_PLAN.md",
        "docs/METHODOLOGY.md",
        "docs/SECTORS_PRICE_BASIS.md",
        "docs/NEXT_ITERATION.md",
        "docs/PROVIDER_PARITY_REPORT.md",
        "docs/RESEARCH_AUDIT.md",
        "docs/DECISION_LOG.md",
        "docs/IDX_STATISTICS_SOURCE.md",
        "docs/PRODUCT_ARCHITECTURE_PLAN.md",
        "docs/ENRICHMENT_RESEARCH.md",
        "docs/FINAL_AUDIT.md",
        "docs/SECTORS_REFRESH_BUDGET.md",
        "docs/FULL_LIVE_RUNBOOK.md",
        "docs/LIVE_SECTORS_RUNBOOK.md",
        "docs/METHODOLOGY_SENSITIVITY.md",
        "docs/TAXONOMY_AUDIT.md",
        "docs/KNOWN_GAPS.md",
        "docs/SECTORS_BLOCKERS.md",
        "docs/ARCHITECTURE_BASELINE.md",
        "config/methodology.yaml",
        "config/universe.yaml",
        "config/providers.yaml",
        "config/konglo.yaml",
        "config/themes.yaml",
        "GROUNDWORK_AUDIT.md",
        "CODEX_HANDOFF.md",
        "OFFLINE_REFINEMENT_AUDIT.md",
        "FRONTIER_PASS_1_AUDIT.md",
        "HANDOFF.md",
        "README.md",
        "FRONTIER_PASS_2_AUDIT.md",
        "IMPLEMENTATION_REPORT.md",
        "TEST_REPORT.md"
      ],
      "fingerprint": "4cad5ddc2d613f2d5f254cbb4e2c400578c33cbea24f23498cafe1df4bba9123"
    }
  }
}